{
  "name": "examples",
  "version": "1.0.0",
  "lockfileVersion": 2,
  "requires": true,
  "packages": {
    "": {
      "version": "1.0.0",
      "license": "ISC",
      "dependencies": {
        "blecs": "1.0.1"
      }
    },
    "node_modules/blecs": {
      "version": "1.0.1",
      "resolved": "https://registry.npmjs.org/blecs/-/blecs-1.0.1.tgz",
      "integrity": "sha512-4JyK17koSSbS8ZIezqiWoOQkz977Rog2k/GQH3OPPJSNXLjY6N3y8O5EwYqhamL6o7b1jayRChHQrFNVqha1UQ==",
      "license": "ISC",
      "dependencies": {
        "three": "^0.128.0"
      }
    },
    "node_modules/three": {
      "version": "0.128.0",
      "resolved": "https://registry.npmjs.org/three/-/three-0.128.0.tgz",
      "integrity": "sha512-i0ap/E+OaSfzw7bD1TtYnPo3VEplkl70WX5fZqZnfZsE3k3aSFudqrrC9ldFZfYFkn1zwDmBcdGfiIm/hnbyZA=="
    }
  },
  "dependencies": {
    "blecs": {
      "version": "1.0.1",
      "resolved": "https://registry.npmjs.org/blecs/-/blecs-1.0.1.tgz",
      "integrity": "sha512-4JyK17koSSbS8ZIezqiWoOQkz977Rog2k/GQH3OPPJSNXLjY6N3y8O5EwYqhamL6o7b1jayRChHQrFNVqha1UQ==",
      "requires": {
        "three": "^0.128.0"
      }
    },
    "three": {
      "version": "0.128.0",
      "resolved": "https://registry.npmjs.org/three/-/three-0.128.0.tgz",
      "integrity": "sha512-i0ap/E+OaSfzw7bD1TtYnPo3VEplkl70WX5fZqZnfZsE3k3aSFudqrrC9ldFZfYFkn1zwDmBcdGfiIm/hnbyZA=="
    }
  }
}
